
Microsoft Visual Studio Solution File, Format Version 12.00
# Visual Studio Version 17
VisualStudioVersion = 17.10.34928.147
MinimumVisualStudioVersion = 10.0.40219.1
Project("{9A19103F-16F7-4668-BE54-9A1E7A4F7556}") = "CasperAPI", "CasperAPI.csproj", "{16AB113D-1DD2-4CA9-BB7E-2B4CC1E8A5AD}"
EndProject
Global
	GlobalSection(SolutionConfigurationPlatforms) = preSolution
		Debug|Any CPU = Debug|Any CPU
		Release|Any CPU = Release|Any CPU
	EndGlobalSection
	GlobalSection(ProjectConfigurationPlatforms) = postSolution
		{16AB113D-1DD2-4CA9-BB7E-2B4CC1E8A5AD}.Debug|Any CPU.ActiveCfg = Debug|Any CPU
		{16AB113D-1DD2-4CA9-BB7E-2B4CC1E8A5AD}.Debug|Any CPU.Build.0 = Debug|Any CPU
		{16AB113D-1DD2-4CA9-BB7E-2B4CC1E8A5AD}.Release|Any CPU.ActiveCfg = Release|Any CPU
		{16AB113D-1DD2-4CA9-BB7E-2B4CC1E8A5AD}.Release|Any CPU.Build.0 = Release|Any CPU
	EndGlobalSection
	GlobalSection(SolutionProperties) = preSolution
		HideSolutionNode = FALSE
	EndGlobalSection
	GlobalSection(ExtensibilityGlobals) = postSolution
		SolutionGuid = {D9151788-8AA2-4930-8C1C-8293BB65EA21}
	EndGlobalSection
EndGlobal
